// !$*UTF8*$!
{
	archiveVersion = 1;
	classes = {
	};
	objectVersion = 50;
	objects = {

/* Begin PBXBuildFile section */
		FD933125228729CA00B71799 /* AppDelegate.swift in Sources */ = {isa = PBXBuildFile; fileRef = FD933124228729CA00B71799 /* AppDelegate.swift */; };
		FD933127228729CA00B71799 /* ViewController.swift in Sources */ = {isa = PBXBuildFile; fileRef = FD933126228729CA00B71799 /* ViewController.swift */; };
		FD93312C228729CC00B71799 /* Assets.xcassets in Resources */ = {isa = PBXBuildFile; fileRef = FD93312B228729CC00B71799 /* Assets.xcassets */; };
		FD93312F228729CC00B71799 /* LaunchScreen.storyboard in Resources */ = {isa = PBXBuildFile; fileRef = FD93312D228729CC00B71799 /* LaunchScreen.storyboard */; };
		FD93313A228729CC00B71799 /* NetworkingExampleTests.swift in Sources */ = {isa = PBXBuildFile; fileRef = FD933139228729CC00B71799 /* NetworkingExampleTests.swift */; };
		FD93314522874CD800B71799 /* Network.swift in Sources */ = {isa = PBXBuildFile; fileRef = FD93314422874CD800B71799 /* Network.swift */; };
		FD933147228753D700B71799 /* APIKeys.swift in Sources */ = {isa = PBXBuildFile; fileRef = FD933146228753D700B71799 /* APIKeys.swift */; };
		FD9331492287548400B71799 /* HTTPMethod.swift in Sources */ = {isa = PBXBuildFile; fileRef = FD9331482287548400B71799 /* HTTPMethod.swift */; };
		FD93314B22875A9B00B71799 /* NYTAPIRouter.swift in Sources */ = {isa = PBXBuildFile; fileRef = FD93314A22875A9B00B71799 /* NYTAPIRouter.swift */; };
		FD93314D22875AE300B71799 /* Environment.swift in Sources */ = {isa = PBXBuildFile; fileRef = FD93314C22875AE300B71799 /* Environment.swift */; };
		FD93314F22875E2600B71799 /* NetworkService.swift in Sources */ = {isa = PBXBuildFile; fileRef = FD93314E22875E2600B71799 /* NetworkService.swift */; };
		FD933154228827E400B71799 /* BestSellerCategory.swift in Sources */ = {isa = PBXBuildFile; fileRef = FD933153228827E400B71799 /* BestSellerCategory.swift */; };
		FD93315822882A6200B71799 /* NetworkServiceWithoutGenerics.swift in Sources */ = {isa = PBXBuildFile; fileRef = FD93315722882A6200B71799 /* NetworkServiceWithoutGenerics.swift */; };
		FD93315A228830AA00B71799 /* BestSellersCategoryListsResponse.swift in Sources */ = {isa = PBXBuildFile; fileRef = FD933159228830AA00B71799 /* BestSellersCategoryListsResponse.swift */; };
		FD93315C228831B500B71799 /* NYTBestSellersRequests.swift in Sources */ = {isa = PBXBuildFile; fileRef = FD93315B228831B500B71799 /* NYTBestSellersRequests.swift */; };
		FD93315E2288474100B71799 /* NetworkOperation.swift in Sources */ = {isa = PBXBuildFile; fileRef = FD93315D2288474100B71799 /* NetworkOperation.swift */; };
		FD9331602288640000B71799 /* Book.swift in Sources */ = {isa = PBXBuildFile; fileRef = FD93315F2288640000B71799 /* Book.swift */; };
		FD933162228864FC00B71799 /* BestSellersOverviewResponse.swift in Sources */ = {isa = PBXBuildFile; fileRef = FD933161228864FC00B71799 /* BestSellersOverviewResponse.swift */; };
/* End PBXBuildFile section */

/* Begin PBXContainerItemProxy section */
		FD933136228729CC00B71799 /* PBXContainerItemProxy */ = {
			isa = PBXContainerItemProxy;
			containerPortal = FD933119228729C900B71799 /* Project object */;
			proxyType = 1;
			remoteGlobalIDString = FD933120228729C900B71799;
			remoteInfo = NetworkingExample;
		};
/* End PBXContainerItemProxy section */

/* Begin PBXFileReference section */
		FD933121228729CA00B71799 /* NetworkingExample.app */ = {isa = PBXFileReference; explicitFileType = wrapper.application; includeInIndex = 0; path = NetworkingExample.app; sourceTree = BUILT_PRODUCTS_DIR; };
		FD933124228729CA00B71799 /* AppDelegate.swift */ = {isa = PBXFileReference; lastKnownFileType = sourcecode.swift; path = AppDelegate.swift; sourceTree = "<group>"; };
		FD933126228729CA00B71799 /* ViewController.swift */ = {isa = PBXFileReference; lastKnownFileType = sourcecode.swift; path = ViewController.swift; sourceTree = "<group>"; };
		FD93312B228729CC00B71799 /* Assets.xcassets */ = {isa = PBXFileReference; lastKnownFileType = folder.assetcatalog; path = Assets.xcassets; sourceTree = "<group>"; };
		FD93312E228729CC00B71799 /* Base */ = {isa = PBXFileReference; lastKnownFileType = file.storyboard; name = Base; path = Base.lproj/LaunchScreen.storyboard; sourceTree = "<group>"; };
		FD933130228729CC00B71799 /* Info.plist */ = {isa = PBXFileReference; lastKnownFileType = text.plist.xml; path = Info.plist; sourceTree = "<group>"; };
		FD933135228729CC00B71799 /* NetworkingExampleTests.xctest */ = {isa = PBXFileReference; explicitFileType = wrapper.cfbundle; includeInIndex = 0; path = NetworkingExampleTests.xctest; sourceTree = BUILT_PRODUCTS_DIR; };
		FD933139228729CC00B71799 /* NetworkingExampleTests.swift */ = {isa = PBXFileReference; lastKnownFileType = sourcecode.swift; path = NetworkingExampleTests.swift; sourceTree = "<group>"; };
		FD93313B228729CC00B71799 /* Info.plist */ = {isa = PBXFileReference; lastKnownFileType = text.plist.xml; path = Info.plist; sourceTree = "<group>"; };
		FD93314422874CD800B71799 /* Network.swift */ = {isa = PBXFileReference; lastKnownFileType = sourcecode.swift; path = Network.swift; sourceTree = "<group>"; };
		FD933146228753D700B71799 /* APIKeys.swift */ = {isa = PBXFileReference; lastKnownFileType = sourcecode.swift; path = APIKeys.swift; sourceTree = "<group>"; };
		FD9331482287548400B71799 /* HTTPMethod.swift */ = {isa = PBXFileReference; lastKnownFileType = sourcecode.swift; path = HTTPMethod.swift; sourceTree = "<group>"; };
		FD93314A22875A9B00B71799 /* NYTAPIRouter.swift */ = {isa = PBXFileReference; lastKnownFileType = sourcecode.swift; path = NYTAPIRouter.swift; sourceTree = "<group>"; };
		FD93314C22875AE300B71799 /* Environment.swift */ = {isa = PBXFileReference; lastKnownFileType = sourcecode.swift; path = Environment.swift; sourceTree = "<group>"; };
		FD93314E22875E2600B71799 /* NetworkService.swift */ = {isa = PBXFileReference; lastKnownFileType = sourcecode.swift; path = NetworkService.swift; sourceTree = "<group>"; };
		FD933153228827E400B71799 /* BestSellerCategory.swift */ = {isa = PBXFileReference; lastKnownFileType = sourcecode.swift; path = BestSellerCategory.swift; sourceTree = "<group>"; };
		FD93315722882A6200B71799 /* NetworkServiceWithoutGenerics.swift */ = {isa = PBXFileReference; lastKnownFileType = sourcecode.swift; path = NetworkServiceWithoutGenerics.swift; sourceTree = "<group>"; };
		FD933159228830AA00B71799 /* BestSellersCategoryListsResponse.swift */ = {isa = PBXFileReference; lastKnownFileType = sourcecode.swift; path = BestSellersCategoryListsResponse.swift; sourceTree = "<group>"; };
		FD93315B228831B500B71799 /* NYTBestSellersRequests.swift */ = {isa = PBXFileReference; lastKnownFileType = sourcecode.swift; path = NYTBestSellersRequests.swift; sourceTree = "<group>"; };
		FD93315D2288474100B71799 /* NetworkOperation.swift */ = {isa = PBXFileReference; lastKnownFileType = sourcecode.swift; path = NetworkOperation.swift; sourceTree = "<group>"; };
		FD93315F2288640000B71799 /* Book.swift */ = {isa = PBXFileReference; lastKnownFileType = sourcecode.swift; path = Book.swift; sourceTree = "<group>"; };
		FD933161228864FC00B71799 /* BestSellersOverviewResponse.swift */ = {isa = PBXFileReference; lastKnownFileType = sourcecode.swift; path = BestSellersOverviewResponse.swift; sourceTree = "<group>"; };
/* End PBXFileReference section */

/* Begin PBXFrameworksBuildPhase section */
		FD93311E228729C900B71799 /* Frameworks */ = {
			isa = PBXFrameworksBuildPhase;
			buildActionMask = 2147483647;
			files = (
			);
			runOnlyForDeploymentPostprocessing = 0;
		};
		FD933132228729CC00B71799 /* Frameworks */ = {
			isa = PBXFrameworksBuildPhase;
			buildActionMask = 2147483647;
			files = (
			);
			runOnlyForDeploymentPostprocessing = 0;
		};
/* End PBXFrameworksBuildPhase section */

/* Begin PBXGroup section */
		FD933118228729C900B71799 = {
			isa = PBXGroup;
			children = (
				FD933123228729CA00B71799 /* NetworkingExample */,
				FD933138228729CC00B71799 /* NetworkingExampleTests */,
				FD933122228729CA00B71799 /* Products */,
			);
			sourceTree = "<group>";
		};
		FD933122228729CA00B71799 /* Products */ = {
			isa = PBXGroup;
			children = (
				FD933121228729CA00B71799 /* NetworkingExample.app */,
				FD933135228729CC00B71799 /* NetworkingExampleTests.xctest */,
			);
			name = Products;
			sourceTree = "<group>";
		};
		FD933123228729CA00B71799 /* NetworkingExample */ = {
			isa = PBXGroup;
			children = (
				FD933152228827D900B71799 /* Models */,
				FD933124228729CA00B71799 /* AppDelegate.swift */,
				FD933126228729CA00B71799 /* ViewController.swift */,
				FD93312B228729CC00B71799 /* Assets.xcassets */,
				FD93312D228729CC00B71799 /* LaunchScreen.storyboard */,
				FD933130228729CC00B71799 /* Info.plist */,
				FD93314422874CD800B71799 /* Network.swift */,
				FD93314C22875AE300B71799 /* Environment.swift */,
				FD93315522882A2500B71799 /* Networking */,
			);
			path = NetworkingExample;
			sourceTree = "<group>";
		};
		FD933138228729CC00B71799 /* NetworkingExampleTests */ = {
			isa = PBXGroup;
			children = (
				FD933139228729CC00B71799 /* NetworkingExampleTests.swift */,
				FD93313B228729CC00B71799 /* Info.plist */,
			);
			path = NetworkingExampleTests;
			sourceTree = "<group>";
		};
		FD933152228827D900B71799 /* Models */ = {
			isa = PBXGroup;
			children = (
				FD933153228827E400B71799 /* BestSellerCategory.swift */,
				FD933159228830AA00B71799 /* BestSellersCategoryListsResponse.swift */,
				FD93315F2288640000B71799 /* Book.swift */,
				FD933161228864FC00B71799 /* BestSellersOverviewResponse.swift */,
			);
			path = Models;
			sourceTree = "<group>";
		};
		FD93315522882A2500B71799 /* Networking */ = {
			isa = PBXGroup;
			children = (
				FD933146228753D700B71799 /* APIKeys.swift */,
				FD93314A22875A9B00B71799 /* NYTAPIRouter.swift */,
				FD9331482287548400B71799 /* HTTPMethod.swift */,
				FD93315D2288474100B71799 /* NetworkOperation.swift */,
				FD93314E22875E2600B71799 /* NetworkService.swift */,
				FD93315B228831B500B71799 /* NYTBestSellersRequests.swift */,
				FD93315622882A2F00B71799 /* Networking Without Generics */,
			);
			path = Networking;
			sourceTree = "<group>";
		};
		FD93315622882A2F00B71799 /* Networking Without Generics */ = {
			isa = PBXGroup;
			children = (
				FD93315722882A6200B71799 /* NetworkServiceWithoutGenerics.swift */,
			);
			path = "Networking Without Generics";
			sourceTree = "<group>";
		};
/* End PBXGroup section */

/* Begin PBXNativeTarget section */
		FD933120228729C900B71799 /* NetworkingExample */ = {
			isa = PBXNativeTarget;
			buildConfigurationList = FD93313E228729CC00B71799 /* Build configuration list for PBXNativeTarget "NetworkingExample" */;
			buildPhases = (
				FD93311D228729C900B71799 /* Sources */,
				FD93311E228729C900B71799 /* Frameworks */,
				FD93311F228729C900B71799 /* Resources */,
			);
			buildRules = (
			);
			dependencies = (
			);
			name = NetworkingExample;
			productName = NetworkingExample;
			productReference = FD933121228729CA00B71799 /* NetworkingExample.app */;
			productType = "com.apple.product-type.application";
		};
		FD933134228729CC00B71799 /* NetworkingExampleTests */ = {
			isa = PBXNativeTarget;
			buildConfigurationList = FD933141228729CC00B71799 /* Build configuration list for PBXNativeTarget "NetworkingExampleTests" */;
			buildPhases = (
				FD933131228729CC00B71799 /* Sources */,
				FD933132228729CC00B71799 /* Frameworks */,
				FD933133228729CC00B71799 /* Resources */,
			);
			buildRules = (
			);
			dependencies = (
				FD933137228729CC00B71799 /* PBXTargetDependency */,
			);
			name = NetworkingExampleTests;
			productName = NetworkingExampleTests;
			productReference = FD933135228729CC00B71799 /* NetworkingExampleTests.xctest */;
			productType = "com.apple.product-type.bundle.unit-test";
		};
/* End PBXNativeTarget section */

/* Begin PBXProject section */
		FD933119228729C900B71799 /* Project object */ = {
			isa = PBXProject;
			attributes = {
				LastSwiftUpdateCheck = 1020;
				LastUpgradeCheck = 1020;
				ORGANIZATIONNAME = "Glenna L Buford";
				TargetAttributes = {
					FD933120228729C900B71799 = {
						CreatedOnToolsVersion = 10.2.1;
					};
					FD933134228729CC00B71799 = {
						CreatedOnToolsVersion = 10.2.1;
						TestTargetID = FD933120228729C900B71799;
					};
				};
			};
			buildConfigurationList = FD93311C228729C900B71799 /* Build configuration list for PBXProject "NetworkingExample" */;
			compatibilityVersion = "Xcode 9.3";
			developmentRegion = en;
			hasScannedForEncodings = 0;
			knownRegions = (
				en,
				Base,
			);
			mainGroup = FD933118228729C900B71799;
			productRefGroup = FD933122228729CA00B71799 /* Products */;
			projectDirPath = "";
			projectRoot = "";
			targets = (
				FD933120228729C900B71799 /* NetworkingExample */,
				FD933134228729CC00B71799 /* NetworkingExampleTests */,
			);
		};
/* End PBXProject section */

/* Begin PBXResourcesBuildPhase section */
		FD93311F228729C900B71799 /* Resources */ = {
			isa = PBXResourcesBuildPhase;
			buildActionMask = 2147483647;
			files = (
				FD93312F228729CC00B71799 /* LaunchScreen.storyboard in Resources */,
				FD93312C228729CC00B71799 /* Assets.xcassets in Resources */,
			);
			runOnlyForDeploymentPostprocessing = 0;
		};
		FD933133228729CC00B71799 /* Resources */ = {
			isa = PBXResourcesBuildPhase;
			buildActionMask = 2147483647;
			files = (
			);
			runOnlyForDeploymentPostprocessing = 0;
		};
/* End PBXResourcesBuildPhase section */

/* Begin PBXSourcesBuildPhase section */
		FD93311D228729C900B71799 /* Sources */ = {
			isa = PBXSourcesBuildPhase;
			buildActionMask = 2147483647;
			files = (
				FD933127228729CA00B71799 /* ViewController.swift in Sources */,
				FD93314B22875A9B00B71799 /* NYTAPIRouter.swift in Sources */,
				FD93314F22875E2600B71799 /* NetworkService.swift in Sources */,
				FD933125228729CA00B71799 /* AppDelegate.swift in Sources */,
				FD93314D22875AE300B71799 /* Environment.swift in Sources */,
				FD93315822882A6200B71799 /* NetworkServiceWithoutGenerics.swift in Sources */,
				FD93315E2288474100B71799 /* NetworkOperation.swift in Sources */,
				FD93315C228831B500B71799 /* NYTBestSellersRequests.swift in Sources */,
				FD93315A228830AA00B71799 /* BestSellersCategoryListsResponse.swift in Sources */,
				FD933162228864FC00B71799 /* BestSellersOverviewResponse.swift in Sources */,
				FD933154228827E400B71799 /* BestSellerCategory.swift in Sources */,
				FD9331602288640000B71799 /* Book.swift in Sources */,
				FD933147228753D700B71799 /* APIKeys.swift in Sources */,
				FD9331492287548400B71799 /* HTTPMethod.swift in Sources */,
				FD93314522874CD800B71799 /* Network.swift in Sources */,
			);
			runOnlyForDeploymentPostprocessing = 0;
		};
		FD933131228729CC00B71799 /* Sources */ = {
			isa = PBXSourcesBuildPhase;
			buildActionMask = 2147483647;
			files = (
				FD93313A228729CC00B71799 /* NetworkingExampleTests.swift in Sources */,
			);
			runOnlyForDeploymentPostprocessing = 0;
		};
/* End PBXSourcesBuildPhase section */

/* Begin PBXTargetDependency section */
		FD933137228729CC00B71799 /* PBXTargetDependency */ = {
			isa = PBXTargetDependency;
			target = FD933120228729C900B71799 /* NetworkingExample */;
			targetProxy = FD933136228729CC00B71799 /* PBXContainerItemProxy */;
		};
/* End PBXTargetDependency section */

/* Begin PBXVariantGroup section */
		FD93312D228729CC00B71799 /* LaunchScreen.storyboard */ = {
			isa = PBXVariantGroup;
			children = (
				FD93312E228729CC00B71799 /* Base */,
			);
			name = LaunchScreen.storyboard;
			sourceTree = "<group>";
		};
/* End PBXVariantGroup section */

/* Begin XCBuildConfiguration section */
		FD93313C228729CC00B71799 /* Debug */ = {
			isa = XCBuildConfiguration;
			buildSettings = {
				ALWAYS_SEARCH_USER_PATHS = NO;
				CLANG_ANALYZER_NONNULL = YES;
				CLANG_ANALYZER_NUMBER_OBJECT_CONVERSION = YES_AGGRESSIVE;
				CLANG_CXX_LANGUAGE_STANDARD = "gnu++14";
				CLANG_CXX_LIBRARY = "libc++";
				CLANG_ENABLE_MODULES = YES;
				CLANG_ENABLE_OBJC_ARC = YES;
				CLANG_ENABLE_OBJC_WEAK = YES;
				CLANG_WARN_BLOCK_CAPTURE_AUTORELEASING = YES;
				CLANG_WARN_BOOL_CONVERSION = YES;
				CLANG_WARN_COMMA = YES;
				CLANG_WARN_CONSTANT_CONVERSION = YES;
				CLANG_WARN_DEPRECATED_OBJC_IMPLEMENTATIONS = YES;
				CLANG_WARN_DIRECT_OBJC_ISA_USAGE = YES_ERROR;
				CLANG_WARN_DOCUMENTATION_COMMENTS = YES;
				CLANG_WARN_EMPTY_BODY = YES;
				CLANG_WARN_ENUM_CONVERSION = YES;
				CLANG_WARN_INFINITE_RECURSION = YES;
				CLANG_WARN_INT_CONVERSION = YES;
				CLANG_WARN_NON_LITERAL_NULL_CONVERSION = YES;
				CLANG_WARN_OBJC_IMPLICIT_RETAIN_SELF = YES;
				CLANG_WARN_OBJC_LITERAL_CONVERSION = YES;
				CLANG_WARN_OBJC_ROOT_CLASS = YES_ERROR;
				CLANG_WARN_RANGE_LOOP_ANALYSIS = YES;
				CLANG_WARN_STRICT_PROTOTYPES = YES;
				CLANG_WARN_SUSPICIOUS_MOVE = YES;
				CLANG_WARN_UNGUARDED_AVAILABILITY = YES_AGGRESSIVE;
				CLANG_WARN_UNREACHABLE_CODE = YES;
				CLANG_WARN__DUPLICATE_METHOD_MATCH = YES;
				CODE_SIGN_IDENTITY = "iPhone Developer";
				COPY_PHASE_STRIP = NO;
				DEBUG_INFORMATION_FORMAT = dwarf;
				ENABLE_STRICT_OBJC_MSGSEND = YES;
				ENABLE_TESTABILITY = YES;
				GCC_C_LANGUAGE_STANDARD = gnu11;
				GCC_DYNAMIC_NO_PIC = NO;
				GCC_NO_COMMON_BLOCKS = YES;
				GCC_OPTIMIZATION_LEVEL = 0;
				GCC_PREPROCESSOR_DEFINITIONS = (
					"DEBUG=1",
					"$(inherited)",
				);
				GCC_WARN_64_TO_32_BIT_CONVERSION = YES;
				GCC_WARN_ABOUT_RETURN_TYPE = YES_ERROR;
				GCC_WARN_UNDECLARED_SELECTOR = YES;
				GCC_WARN_UNINITIALIZED_AUTOS = YES_AGGRESSIVE;
				GCC_WARN_UNUSED_FUNCTION = YES;
				GCC_WARN_UNUSED_VARIABLE = YES;
				IPHONEOS_DEPLOYMENT_TARGET = 12.2;
				MTL_ENABLE_DEBUG_INFO = INCLUDE_SOURCE;
				MTL_FAST_MATH = YES;
				ONLY_ACTIVE_ARCH = YES;
				SDKROOT = iphoneos;
				SWIFT_ACTIVE_COMPILATION_CONDITIONS = DEBUG;
				SWIFT_OPTIMIZATION_LEVEL = "-Onone";
			};
			name = Debug;
		};
		FD93313D228729CC00B71799 /* Release */ = {
			isa = XCBuildConfiguration;
			buildSettings = {
				ALWAYS_SEARCH_USER_PATHS = NO;
				CLANG_ANALYZER_NONNULL = YES;
				CLANG_ANALYZER_NUMBER_OBJECT_CONVERSION = YES_AGGRESSIVE;
				CLANG_CXX_LANGUAGE_STANDARD = "gnu++14";
				CLANG_CXX_LIBRARY = "libc++";
				CLANG_ENABLE_MODULES = YES;
				CLANG_ENABLE_OBJC_ARC = YES;
				CLANG_ENABLE_OBJC_WEAK = YES;
				CLANG_WARN_BLOCK_CAPTURE_AUTORELEASING = YES;
				CLANG_WARN_BOOL_CONVERSION = YES;
				CLANG_WARN_COMMA = YES;
				CLANG_WARN_CONSTANT_CONVERSION = YES;
				CLANG_WARN_DEPRECATED_OBJC_IMPLEMENTATIONS = YES;
				CLANG_WARN_DIRECT_OBJC_ISA_USAGE = YES_ERROR;
				CLANG_WARN_DOCUMENTATION_COMMENTS = YES;
				CLANG_WARN_EMPTY_BODY = YES;
				CLANG_WARN_ENUM_CONVERSION = YES;
				CLANG_WARN_INFINITE_RECURSION = YES;
				CLANG_WARN_INT_CONVERSION = YES;
				CLANG_WARN_NON_LITERAL_NULL_CONVERSION = YES;
				CLANG_WARN_OBJC_IMPLICIT_RETAIN_SELF = YES;
				CLANG_WARN_OBJC_LITERAL_CONVERSION = YES;
				CLANG_WARN_OBJC_ROOT_CLASS = YES_ERROR;
				CLANG_WARN_RANGE_LOOP_ANALYSIS = YES;
				CLANG_WARN_STRICT_PROTOTYPES = YES;
				CLANG_WARN_SUSPICIOUS_MOVE = YES;
				CLANG_WARN_UNGUARDED_AVAILABILITY = YES_AGGRESSIVE;
				CLANG_WARN_UNREACHABLE_CODE = YES;
				CLANG_WARN__DUPLICATE_METHOD_MATCH = YES;
				CODE_SIGN_IDENTITY = "iPhone Developer";
				COPY_PHASE_STRIP = NO;
				DEBUG_INFORMATION_FORMAT = "dwarf-with-dsym";
				ENABLE_NS_ASSERTIONS = NO;
				ENABLE_STRICT_OBJC_MSGSEND = YES;
				GCC_C_LANGUAGE_STANDARD = gnu11;
				GCC_NO_COMMON_BLOCKS = YES;
				GCC_WARN_64_TO_32_BIT_CONVERSION = YES;
				GCC_WARN_ABOUT_RETURN_TYPE = YES_ERROR;
				GCC_WARN_UNDECLARED_SELECTOR = YES;
				GCC_WARN_UNINITIALIZED_AUTOS = YES_AGGRESSIVE;
				GCC_WARN_UNUSED_FUNCTION = YES;
				GCC_WARN_UNUSED_VARIABLE = YES;
				IPHONEOS_DEPLOYMENT_TARGET = 12.2;
				MTL_ENABLE_DEBUG_INFO = NO;
				MTL_FAST_MATH = YES;
				SDKROOT = iphoneos;
				SWIFT_COMPILATION_MODE = wholemodule;
				SWIFT_OPTIMIZATION_LEVEL = "-O";
				VALIDATE_PRODUCT = YES;
			};
			name = Release;
		};
		FD93313F228729CC00B71799 /* Debug */ = {
			isa = XCBuildConfiguration;
			buildSettings = {
				ASSETCATALOG_COMPILER_APPICON_NAME = AppIcon;
				CODE_SIGN_STYLE = Automatic;
				INFOPLIST_FILE = NetworkingExample/Info.plist;
				LD_RUNPATH_SEARCH_PATHS = (
					"$(inherited)",
					"@executable_path/Frameworks",
				);
				PRODUCT_BUNDLE_IDENTIFIER = com.glenners.NetworkingExample;
				PRODUCT_NAME = "$(TARGET_NAME)";
				SWIFT_VERSION = 5.0;
				TARGETED_DEVICE_FAMILY = "1,2";
			};
			name = Debug;
		};
		FD933140228729CC00B71799 /* Release */ = {
			isa = XCBuildConfiguration;
			buildSettings = {
				ASSETCATALOG_COMPILER_APPICON_NAME = AppIcon;
				CODE_SIGN_STYLE = Automatic;
				INFOPLIST_FILE = NetworkingExample/Info.plist;
				LD_RUNPATH_SEARCH_PATHS = (
					"$(inherited)",
					"@executable_path/Frameworks",
				);
				PRODUCT_BUNDLE_IDENTIFIER = com.glenners.NetworkingExample;
				PRODUCT_NAME = "$(TARGET_NAME)";
				SWIFT_VERSION = 5.0;
				TARGETED_DEVICE_FAMILY = "1,2";
			};
			name = Release;
		};
		FD933142228729CC00B71799 /* Debug */ = {
			isa = XCBuildConfiguration;
			buildSettings = {
				ALWAYS_EMBED_SWIFT_STANDARD_LIBRARIES = YES;
				BUNDLE_LOADER = "$(TEST_HOST)";
				CODE_SIGN_STYLE = Automatic;
				INFOPLIST_FILE = NetworkingExampleTests/Info.plist;
				LD_RUNPATH_SEARCH_PATHS = (
					"$(inherited)",
					"@executable_path/Frameworks",
					"@loader_path/Frameworks",
				);
				PRODUCT_BUNDLE_IDENTIFIER = com.glenners.NetworkingExampleTests;
				PRODUCT_NAME = "$(TARGET_NAME)";
				SWIFT_VERSION = 5.0;
				TARGETED_DEVICE_FAMILY = "1,2";
				TEST_HOST = "$(BUILT_PRODUCTS_DIR)/NetworkingExample.app/NetworkingExample";
			};
			name = Debug;
		};
		FD933143228729CC00B71799 /* Release */ = {
			isa = XCBuildConfiguration;
			buildSettings = {
				ALWAYS_EMBED_SWIFT_STANDARD_LIBRARIES = YES;
				BUNDLE_LOADER = "$(TEST_HOST)";
				CODE_SIGN_STYLE = Automatic;
				INFOPLIST_FILE = NetworkingExampleTests/Info.plist;
				LD_RUNPATH_SEARCH_PATHS = (
					"$(inherited)",
					"@executable_path/Frameworks",
					"@loader_path/Frameworks",
				);
				PRODUCT_BUNDLE_IDENTIFIER = com.glenners.NetworkingExampleTests;
				PRODUCT_NAME = "$(TARGET_NAME)";
				SWIFT_VERSION = 5.0;
				TARGETED_DEVICE_FAMILY = "1,2";
				TEST_HOST = "$(BUILT_PRODUCTS_DIR)/NetworkingExample.app/NetworkingExample";
			};
			name = Release;
		};
/* End XCBuildConfiguration section */

/* Begin XCConfigurationList section */
		FD93311C228729C900B71799 /* Build configuration list for PBXProject "NetworkingExample" */ = {
			isa = XCConfigurationList;
			buildConfigurations = (
				FD93313C228729CC00B71799 /* Debug */,
				FD93313D228729CC00B71799 /* Release */,
			);
			defaultConfigurationIsVisible = 0;
			defaultConfigurationName = Release;
		};
		FD93313E228729CC00B71799 /* Build configuration list for PBXNativeTarget "NetworkingExample" */ = {
			isa = XCConfigurationList;
			buildConfigurations = (
				FD93313F228729CC00B71799 /* Debug */,
				FD933140228729CC00B71799 /* Release */,
			);
			defaultConfigurationIsVisible = 0;
			defaultConfigurationName = Release;
		};
		FD933141228729CC00B71799 /* Build configuration list for PBXNativeTarget "NetworkingExampleTests" */ = {
			isa = XCConfigurationList;
			buildConfigurations = (
				FD933142228729CC00B71799 /* Debug */,
				FD933143228729CC00B71799 /* Release */,
			);
			defaultConfigurationIsVisible = 0;
			defaultConfigurationName = Release;
		};
/* End XCConfigurationList section */
	};
	rootObject = FD933119228729C900B71799 /* Project object */;
}
